
Microsoft Visual Studio Solution File, Format Version 12.00
# Visual Studio Version 16
VisualStudioVersion = 16.0.31112.23
MinimumVisualStudioVersion = 15.0.26124.0
Project("{9A19103F-16F7-4668-BE54-9A1E7A4F7556}") = "Common", "Common\Common.csproj", "{ACD5470E-0D4C-42F0-B903-9C2764A1147E}"
EndProject
Project("{9A19103F-16F7-4668-BE54-9A1E7A4F7556}") = "Tests", "Tests\Tests.csproj", "{27FDA5E6-CFC6-4383-9705-7AED47ABB6A1}"
EndProject
Project("{9A19103F-16F7-4668-BE54-9A1E7A4F7556}") = "App", "App\App.csproj", "{59A5D849-515E-4135-9750-0105312FDDE3}"
EndProject
Project("{9A19103F-16F7-4668-BE54-9A1E7A4F7556}") = "Messages", "Messages\Messages.csproj", "{B115E323-EFB6-438D-B555-0845CEBBD3B7}"
EndProject
Project("{FAE04EC0-301F-11D3-BF4B-00C04F79EFBC}") = "SeungYongShim.Kafka.DependencyInjection", "SeungYongShim.Kafka.DependencyInjection\SeungYongShim.Kafka.DependencyInjection.csproj", "{8547BFA0-2380-4ED0-ADF4-D0486BEBC4A7}"
EndProject
Global
	GlobalSection(SolutionConfigurationPlatforms) = preSolution
		Debug|Any CPU = Debug|Any CPU
		Debug|x64 = Debug|x64
		Debug|x86 = Debug|x86
		Release|Any CPU = Release|Any CPU
		Release|x64 = Release|x64
		Release|x86 = Release|x86
	EndGlobalSection
	GlobalSection(ProjectConfigurationPlatforms) = postSolution
		{ACD5470E-0D4C-42F0-B903-9C2764A1147E}.Debug|Any CPU.ActiveCfg = Debug|Any CPU
		{ACD5470E-0D4C-42F0-B903-9C2764A1147E}.Debug|Any CPU.Build.0 = Debug|Any CPU
		{ACD5470E-0D4C-42F0-B903-9C2764A1147E}.Debug|x64.ActiveCfg = Debug|Any CPU
		{ACD5470E-0D4C-42F0-B903-9C2764A1147E}.Debug|x64.Build.0 = Debug|Any CPU
		{ACD5470E-0D4C-42F0-B903-9C2764A1147E}.Debug|x86.ActiveCfg = Debug|Any CPU
		{ACD5470E-0D4C-42F0-B903-9C2764A1147E}.Debug|x86.Build.0 = Debug|Any CPU
		{ACD5470E-0D4C-42F0-B903-9C2764A1147E}.Release|Any CPU.ActiveCfg = Release|Any CPU
		{ACD5470E-0D4C-42F0-B903-9C2764A1147E}.Release|Any CPU.Build.0 = Release|Any CPU
		{ACD5470E-0D4C-42F0-B903-9C2764A1147E}.Release|x64.ActiveCfg = Release|Any CPU
		{ACD5470E-0D4C-42F0-B903-9C2764A1147E}.Release|x64.Build.0 = Release|Any CPU
		{ACD5470E-0D4C-42F0-B903-9C2764A1147E}.Release|x86.ActiveCfg = Release|Any CPU
		{ACD5470E-0D4C-42F0-B903-9C2764A1147E}.Release|x86.Build.0 = Release|Any CPU
		{27FDA5E6-CFC6-4383-9705-7AED47ABB6A1}.Debug|Any CPU.ActiveCfg = Debug|Any CPU
		{27FDA5E6-CFC6-4383-9705-7AED47ABB6A1}.Debug|Any CPU.Build.0 = Debug|Any CPU
		{27FDA5E6-CFC6-4383-9705-7AED47ABB6A1}.Debug|x64.ActiveCfg = Debug|Any CPU
		{27FDA5E6-CFC6-4383-9705-7AED47ABB6A1}.Debug|x64.Build.0 = Debug|Any CPU
		{27FDA5E6-CFC6-4383-9705-7AED47ABB6A1}.Debug|x86.ActiveCfg = Debug|Any CPU
		{27FDA5E6-CFC6-4383-9705-7AED47ABB6A1}.Debug|x86.Build.0 = Debug|Any CPU
		{27FDA5E6-CFC6-4383-9705-7AED47ABB6A1}.Release|Any CPU.ActiveCfg = Release|Any CPU
		{27FDA5E6-CFC6-4383-9705-7AED47ABB6A1}.Release|Any CPU.Build.0 = Release|Any CPU
		{27FDA5E6-CFC6-4383-9705-7AED47ABB6A1}.Release|x64.ActiveCfg = Release|Any CPU
		{27FDA5E6-CFC6-4383-9705-7AED47ABB6A1}.Release|x64.Build.0 = Release|Any CPU
		{27FDA5E6-CFC6-4383-9705-7AED47ABB6A1}.Release|x86.ActiveCfg = Release|Any CPU
		{27FDA5E6-CFC6-4383-9705-7AED47ABB6A1}.Release|x86.Build.0 = Release|Any CPU
		{59A5D849-515E-4135-9750-0105312FDDE3}.Debug|Any CPU.ActiveCfg = Debug|Any CPU
		{59A5D849-515E-4135-9750-0105312FDDE3}.Debug|Any CPU.Build.0 = Debug|Any CPU
		{59A5D849-515E-4135-9750-0105312FDDE3}.Debug|x64.ActiveCfg = Debug|Any CPU
		{59A5D849-515E-4135-9750-0105312FDDE3}.Debug|x64.Build.0 = Debug|Any CPU
		{59A5D849-515E-4135-9750-0105312FDDE3}.Debug|x86.ActiveCfg = Debug|Any CPU
		{59A5D849-515E-4135-9750-0105312FDDE3}.Debug|x86.Build.0 = Debug|Any CPU
		{59A5D849-515E-4135-9750-0105312FDDE3}.Release|Any CPU.ActiveCfg = Release|Any CPU
		{59A5D849-515E-4135-9750-0105312FDDE3}.Release|Any CPU.Build.0 = Release|Any CPU
		{59A5D849-515E-4135-9750-0105312FDDE3}.Release|x64.ActiveCfg = Release|Any CPU
		{59A5D849-515E-4135-9750-0105312FDDE3}.Release|x64.Build.0 = Release|Any CPU
		{59A5D849-515E-4135-9750-0105312FDDE3}.Release|x86.ActiveCfg = Release|Any CPU
		{59A5D849-515E-4135-9750-0105312FDDE3}.Release|x86.Build.0 = Release|Any CPU
		{B115E323-EFB6-438D-B555-0845CEBBD3B7}.Debug|Any CPU.ActiveCfg = Debug|Any CPU
		{B115E323-EFB6-438D-B555-0845CEBBD3B7}.Debug|Any CPU.Build.0 = Debug|Any CPU
		{B115E323-EFB6-438D-B555-0845CEBBD3B7}.Debug|x64.ActiveCfg = Debug|Any CPU
		{B115E323-EFB6-438D-B555-0845CEBBD3B7}.Debug|x64.Build.0 = Debug|Any CPU
		{B115E323-EFB6-438D-B555-0845CEBBD3B7}.Debug|x86.ActiveCfg = Debug|Any CPU
		{B115E323-EFB6-438D-B555-0845CEBBD3B7}.Debug|x86.Build.0 = Debug|Any CPU
		{B115E323-EFB6-438D-B555-0845CEBBD3B7}.Release|Any CPU.ActiveCfg = Release|Any CPU
		{B115E323-EFB6-438D-B555-0845CEBBD3B7}.Release|Any CPU.Build.0 = Release|Any CPU
		{B115E323-EFB6-438D-B555-0845CEBBD3B7}.Release|x64.ActiveCfg = Release|Any CPU
		{B115E323-EFB6-438D-B555-0845CEBBD3B7}.Release|x64.Build.0 = Release|Any CPU
		{B115E323-EFB6-438D-B555-0845CEBBD3B7}.Release|x86.ActiveCfg = Release|Any CPU
		{B115E323-EFB6-438D-B555-0845CEBBD3B7}.Release|x86.Build.0 = Release|Any CPU
		{8547BFA0-2380-4ED0-ADF4-D0486BEBC4A7}.Debug|Any CPU.ActiveCfg = Debug|Any CPU
		{8547BFA0-2380-4ED0-ADF4-D0486BEBC4A7}.Debug|Any CPU.Build.0 = Debug|Any CPU
		{8547BFA0-2380-4ED0-ADF4-D0486BEBC4A7}.Debug|x64.ActiveCfg = Debug|Any CPU
		{8547BFA0-2380-4ED0-ADF4-D0486BEBC4A7}.Debug|x64.Build.0 = Debug|Any CPU
		{8547BFA0-2380-4ED0-ADF4-D0486BEBC4A7}.Debug|x86.ActiveCfg = Debug|Any CPU
		{8547BFA0-2380-4ED0-ADF4-D0486BEBC4A7}.Debug|x86.Build.0 = Debug|Any CPU
		{8547BFA0-2380-4ED0-ADF4-D0486BEBC4A7}.Release|Any CPU.ActiveCfg = Release|Any CPU
		{8547BFA0-2380-4ED0-ADF4-D0486BEBC4A7}.Release|Any CPU.Build.0 = Release|Any CPU
		{8547BFA0-2380-4ED0-ADF4-D0486BEBC4A7}.Release|x64.ActiveCfg = Release|Any CPU
		{8547BFA0-2380-4ED0-ADF4-D0486BEBC4A7}.Release|x64.Build.0 = Release|Any CPU
		{8547BFA0-2380-4ED0-ADF4-D0486BEBC4A7}.Release|x86.ActiveCfg = Release|Any CPU
		{8547BFA0-2380-4ED0-ADF4-D0486BEBC4A7}.Release|x86.Build.0 = Release|Any CPU
	EndGlobalSection
	GlobalSection(SolutionProperties) = preSolution
		HideSolutionNode = FALSE
	EndGlobalSection
	GlobalSection(ExtensibilityGlobals) = postSolution
		SolutionGuid = {B255F3AE-48BA-4746-BD6C-6E26471825E4}
	EndGlobalSection
EndGlobal
